// !$*UTF8*$!
{
	archiveVersion = 1;
	classes = {
	};
	objectVersion = 56;
	objects = {

/* Begin PBXBuildFile section */
		CE6D20A0297596A60005E285 /* DrawClassifierApp.swift in Sources */ = {isa = PBXBuildFile; fileRef = CE6D209F297596A60005E285 /* DrawClassifierApp.swift */; };
		CE6D20A2297596A60005E285 /* ContentView.swift in Sources */ = {isa = PBXBuildFile; fileRef = CE6D20A1297596A60005E285 /* ContentView.swift */; };
		CE6D20A4297596A90005E285 /* Assets.xcassets in Resources */ = {isa = PBXBuildFile; fileRef = CE6D20A3297596A90005E285 /* Assets.xcassets */; };
		CE6D20A7297596A90005E285 /* Preview Assets.xcassets in Resources */ = {isa = PBXBuildFile; fileRef = CE6D20A6297596A90005E285 /* Preview Assets.xcassets */; };
		CE6D20AF29759E470005E285 /* DrawCanvasView.swift in Sources */ = {isa = PBXBuildFile; fileRef = CE6D20AE29759E470005E285 /* DrawCanvasView.swift */; };
		CE6D20B22975A0CF0005E285 /* Line.swift in Sources */ = {isa = PBXBuildFile; fileRef = CE6D20B12975A0CF0005E285 /* Line.swift */; };
		CE6D20B52975A8680005E285 /* DrawClassifierViewModel.swift in Sources */ = {isa = PBXBuildFile; fileRef = CE6D20B42975A8680005E285 /* DrawClassifierViewModel.swift */; };
		CE6D20BB2975DE970005E285 /* DrawClassifierService.swift in Sources */ = {isa = PBXBuildFile; fileRef = CE6D20BA2975DE970005E285 /* DrawClassifierService.swift */; };
		CE6D20BE2975E5AB0005E285 /* UIImage+Extension.swift in Sources */ = {isa = PBXBuildFile; fileRef = CE6D20BD2975E5AB0005E285 /* UIImage+Extension.swift */; };
		CE6D20C02975ED300005E285 /* DrawClassifierV1.mlmodel in Sources */ = {isa = PBXBuildFile; fileRef = CE6D20BF2975ED300005E285 /* DrawClassifierV1.mlmodel */; };
/* End PBXBuildFile section */

/* Begin PBXFileReference section */
		CE6D209C297596A60005E285 /* DrawClassifier.app */ = {isa = PBXFileReference; explicitFileType = wrapper.application; includeInIndex = 0; path = DrawClassifier.app; sourceTree = BUILT_PRODUCTS_DIR; };
		CE6D209F297596A60005E285 /* DrawClassifierApp.swift */ = {isa = PBXFileReference; lastKnownFileType = sourcecode.swift; path = DrawClassifierApp.swift; sourceTree = "<group>"; };
		CE6D20A1297596A60005E285 /* ContentView.swift */ = {isa = PBXFileReference; lastKnownFileType = sourcecode.swift; path = ContentView.swift; sourceTree = "<group>"; };
		CE6D20A3297596A90005E285 /* Assets.xcassets */ = {isa = PBXFileReference; lastKnownFileType = folder.assetcatalog; path = Assets.xcassets; sourceTree = "<group>"; };
		CE6D20A6297596A90005E285 /* Preview Assets.xcassets */ = {isa = PBXFileReference; lastKnownFileType = folder.assetcatalog; path = "Preview Assets.xcassets"; sourceTree = "<group>"; };
		CE6D20AE29759E470005E285 /* DrawCanvasView.swift */ = {isa = PBXFileReference; lastKnownFileType = sourcecode.swift; path = DrawCanvasView.swift; sourceTree = "<group>"; };
		CE6D20B12975A0CF0005E285 /* Line.swift */ = {isa = PBXFileReference; lastKnownFileType = sourcecode.swift; path = Line.swift; sourceTree = "<group>"; };
		CE6D20B42975A8680005E285 /* DrawClassifierViewModel.swift */ = {isa = PBXFileReference; lastKnownFileType = sourcecode.swift; path = DrawClassifierViewModel.swift; sourceTree = "<group>"; };
		CE6D20BA2975DE970005E285 /* DrawClassifierService.swift */ = {isa = PBXFileReference; lastKnownFileType = sourcecode.swift; path = DrawClassifierService.swift; sourceTree = "<group>"; };
		CE6D20BD2975E5AB0005E285 /* UIImage+Extension.swift */ = {isa = PBXFileReference; lastKnownFileType = sourcecode.swift; path = "UIImage+Extension.swift"; sourceTree = "<group>"; };
		CE6D20BF2975ED300005E285 /* DrawClassifierV1.mlmodel */ = {isa = PBXFileReference; lastKnownFileType = file.mlmodel; path = DrawClassifierV1.mlmodel; sourceTree = "<group>"; };
/* End PBXFileReference section */

/* Begin PBXFrameworksBuildPhase section */
		CE6D2099297596A60005E285 /* Frameworks */ = {
			isa = PBXFrameworksBuildPhase;
			buildActionMask = 2147483647;
			files = (
			);
			runOnlyForDeploymentPostprocessing = 0;
		};
/* End PBXFrameworksBuildPhase section */

/* Begin PBXGroup section */
		CE6D2093297596A60005E285 = {
			isa = PBXGroup;
			children = (
				CE6D209E297596A60005E285 /* DrawClassifier */,
				CE6D209D297596A60005E285 /* Products */,
			);
			sourceTree = "<group>";
		};
		CE6D209D297596A60005E285 /* Products */ = {
			isa = PBXGroup;
			children = (
				CE6D209C297596A60005E285 /* DrawClassifier.app */,
			);
			name = Products;
			sourceTree = "<group>";
		};
		CE6D209E297596A60005E285 /* DrawClassifier */ = {
			isa = PBXGroup;
			children = (
				CE6D20BC2975E3FD0005E285 /* Extensions */,
				CE6D20B62975A8790005E285 /* Services */,
				CE6D20B32975A84C0005E285 /* ViewModels */,
				CE6D20B02975A0BD0005E285 /* Models */,
				CE6D20AD29759E370005E285 /* Views */,
				CE6D209F297596A60005E285 /* DrawClassifierApp.swift */,
				CE6D20A1297596A60005E285 /* ContentView.swift */,
				CE6D20A3297596A90005E285 /* Assets.xcassets */,
				CE6D20A5297596A90005E285 /* Preview Content */,
			);
			path = DrawClassifier;
			sourceTree = "<group>";
		};
		CE6D20A5297596A90005E285 /* Preview Content */ = {
			isa = PBXGroup;
			children = (
				CE6D20A6297596A90005E285 /* Preview Assets.xcassets */,
			);
			path = "Preview Content";
			sourceTree = "<group>";
		};
		CE6D20AD29759E370005E285 /* Views */ = {
			isa = PBXGroup;
			children = (
				CE6D20AE29759E470005E285 /* DrawCanvasView.swift */,
			);
			path = Views;
			sourceTree = "<group>";
		};
		CE6D20B02975A0BD0005E285 /* Models */ = {
			isa = PBXGroup;
			children = (
				CE6D20B12975A0CF0005E285 /* Line.swift */,
			);
			path = Models;
			sourceTree = "<group>";
		};
		CE6D20B32975A84C0005E285 /* ViewModels */ = {
			isa = PBXGroup;
			children = (
				CE6D20B42975A8680005E285 /* DrawClassifierViewModel.swift */,
			);
			path = ViewModels;
			sourceTree = "<group>";
		};
		CE6D20B62975A8790005E285 /* Services */ = {
			isa = PBXGroup;
			children = (
				CE6D20B72975A87D0005E285 /* MLModels */,
				CE6D20BA2975DE970005E285 /* DrawClassifierService.swift */,
			);
			path = Services;
			sourceTree = "<group>";
		};
		CE6D20B72975A87D0005E285 /* MLModels */ = {
			isa = PBXGroup;
			children = (
				CE6D20BF2975ED300005E285 /* DrawClassifierV1.mlmodel */,
			);
			path = MLModels;
			sourceTree = "<group>";
		};
		CE6D20BC2975E3FD0005E285 /* Extensions */ = {
			isa = PBXGroup;
			children = (
				CE6D20BD2975E5AB0005E285 /* UIImage+Extension.swift */,
			);
			path = Extensions;
			sourceTree = "<group>";
		};
/* End PBXGroup section */

/* Begin PBXNativeTarget section */
		CE6D209B297596A60005E285 /* DrawClassifier */ = {
			isa = PBXNativeTarget;
			buildConfigurationList = CE6D20AA297596A90005E285 /* Build configuration list for PBXNativeTarget "DrawClassifier" */;
			buildPhases = (
				CE6D2098297596A60005E285 /* Sources */,
				CE6D2099297596A60005E285 /* Frameworks */,
				CE6D209A297596A60005E285 /* Resources */,
			);
			buildRules = (
			);
			dependencies = (
			);
			name = DrawClassifier;
			productName = DrawClassifier;
			productReference = CE6D209C297596A60005E285 /* DrawClassifier.app */;
			productType = "com.apple.product-type.application";
		};
/* End PBXNativeTarget section */

/* Begin PBXProject section */
		CE6D2094297596A60005E285 /* Project object */ = {
			isa = PBXProject;
			attributes = {
				BuildIndependentTargetsInParallel = 1;
				LastSwiftUpdateCheck = 1410;
				LastUpgradeCheck = 1410;
				TargetAttributes = {
					CE6D209B297596A60005E285 = {
						CreatedOnToolsVersion = 14.1;
					};
				};
			};
			buildConfigurationList = CE6D2097297596A60005E285 /* Build configuration list for PBXProject "DrawClassifier" */;
			compatibilityVersion = "Xcode 14.0";
			developmentRegion = en;
			hasScannedForEncodings = 0;
			knownRegions = (
				en,
				Base,
			);
			mainGroup = CE6D2093297596A60005E285;
			productRefGroup = CE6D209D297596A60005E285 /* Products */;
			projectDirPath = "";
			projectRoot = "";
			targets = (
				CE6D209B297596A60005E285 /* DrawClassifier */,
			);
		};
/* End PBXProject section */

/* Begin PBXResourcesBuildPhase section */
		CE6D209A297596A60005E285 /* Resources */ = {
			isa = PBXResourcesBuildPhase;
			buildActionMask = 2147483647;
			files = (
				CE6D20A7297596A90005E285 /* Preview Assets.xcassets in Resources */,
				CE6D20A4297596A90005E285 /* Assets.xcassets in Resources */,
			);
			runOnlyForDeploymentPostprocessing = 0;
		};
/* End PBXResourcesBuildPhase section */

/* Begin PBXSourcesBuildPhase section */
		CE6D2098297596A60005E285 /* Sources */ = {
			isa = PBXSourcesBuildPhase;
			buildActionMask = 2147483647;
			files = (
				CE6D20A2297596A60005E285 /* ContentView.swift in Sources */,
				CE6D20B22975A0CF0005E285 /* Line.swift in Sources */,
				CE6D20C02975ED300005E285 /* DrawClassifierV1.mlmodel in Sources */,
				CE6D20A0297596A60005E285 /* DrawClassifierApp.swift in Sources */,
				CE6D20BE2975E5AB0005E285 /* UIImage+Extension.swift in Sources */,
				CE6D20B52975A8680005E285 /* DrawClassifierViewModel.swift in Sources */,
				CE6D20BB2975DE970005E285 /* DrawClassifierService.swift in Sources */,
				CE6D20AF29759E470005E285 /* DrawCanvasView.swift in Sources */,
			);
			runOnlyForDeploymentPostprocessing = 0;
		};
/* End PBXSourcesBuildPhase section */

/* Begin XCBuildConfiguration section */
		CE6D20A8297596A90005E285 /* Debug */ = {
			isa = XCBuildConfiguration;
			buildSettings = {
				ALWAYS_SEARCH_USER_PATHS = NO;
				CLANG_ANALYZER_NONNULL = YES;
				CLANG_ANALYZER_NUMBER_OBJECT_CONVERSION = YES_AGGRESSIVE;
				CLANG_CXX_LANGUAGE_STANDARD = "gnu++20";
				CLANG_ENABLE_MODULES = YES;
				CLANG_ENABLE_OBJC_ARC = YES;
				CLANG_ENABLE_OBJC_WEAK = YES;
				CLANG_WARN_BLOCK_CAPTURE_AUTORELEASING = YES;
				CLANG_WARN_BOOL_CONVERSION = YES;
				CLANG_WARN_COMMA = YES;
				CLANG_WARN_CONSTANT_CONVERSION = YES;
				CLANG_WARN_DEPRECATED_OBJC_IMPLEMENTATIONS = YES;
				CLANG_WARN_DIRECT_OBJC_ISA_USAGE = YES_ERROR;
				CLANG_WARN_DOCUMENTATION_COMMENTS = YES;
				CLANG_WARN_EMPTY_BODY = YES;
				CLANG_WARN_ENUM_CONVERSION = YES;
				CLANG_WARN_INFINITE_RECURSION = YES;
				CLANG_WARN_INT_CONVERSION = YES;
				CLANG_WARN_NON_LITERAL_NULL_CONVERSION = YES;
				CLANG_WARN_OBJC_IMPLICIT_RETAIN_SELF = YES;
				CLANG_WARN_OBJC_LITERAL_CONVERSION = YES;
				CLANG_WARN_OBJC_ROOT_CLASS = YES_ERROR;
				CLANG_WARN_QUOTED_INCLUDE_IN_FRAMEWORK_HEADER = YES;
				CLANG_WARN_RANGE_LOOP_ANALYSIS = YES;
				CLANG_WARN_STRICT_PROTOTYPES = YES;
				CLANG_WARN_SUSPICIOUS_MOVE = YES;
				CLANG_WARN_UNGUARDED_AVAILABILITY = YES_AGGRESSIVE;
				CLANG_WARN_UNREACHABLE_CODE = YES;
				CLANG_WARN__DUPLICATE_METHOD_MATCH = YES;
				COPY_PHASE_STRIP = NO;
				DEBUG_INFORMATION_FORMAT = dwarf;
				ENABLE_STRICT_OBJC_MSGSEND = YES;
				ENABLE_TESTABILITY = YES;
				GCC_C_LANGUAGE_STANDARD = gnu11;
				GCC_DYNAMIC_NO_PIC = NO;
				GCC_NO_COMMON_BLOCKS = YES;
				GCC_OPTIMIZATION_LEVEL = 0;
				GCC_PREPROCESSOR_DEFINITIONS = (
					"DEBUG=1",
					"$(inherited)",
				);
				GCC_WARN_64_TO_32_BIT_CONVERSION = YES;
				GCC_WARN_ABOUT_RETURN_TYPE = YES_ERROR;
				GCC_WARN_UNDECLARED_SELECTOR = YES;
				GCC_WARN_UNINITIALIZED_AUTOS = YES_AGGRESSIVE;
				GCC_WARN_UNUSED_FUNCTION = YES;
				GCC_WARN_UNUSED_VARIABLE = YES;
				IPHONEOS_DEPLOYMENT_TARGET = 16.1;
				MTL_ENABLE_DEBUG_INFO = INCLUDE_SOURCE;
				MTL_FAST_MATH = YES;
				ONLY_ACTIVE_ARCH = YES;
				SDKROOT = iphoneos;
				SWIFT_ACTIVE_COMPILATION_CONDITIONS = DEBUG;
				SWIFT_OPTIMIZATION_LEVEL = "-Onone";
			};
			name = Debug;
		};
		CE6D20A9297596A90005E285 /* Release */ = {
			isa = XCBuildConfiguration;
			buildSettings = {
				ALWAYS_SEARCH_USER_PATHS = NO;
				CLANG_ANALYZER_NONNULL = YES;
				CLANG_ANALYZER_NUMBER_OBJECT_CONVERSION = YES_AGGRESSIVE;
				CLANG_CXX_LANGUAGE_STANDARD = "gnu++20";
				CLANG_ENABLE_MODULES = YES;
				CLANG_ENABLE_OBJC_ARC = YES;
				CLANG_ENABLE_OBJC_WEAK = YES;
				CLANG_WARN_BLOCK_CAPTURE_AUTORELEASING = YES;
				CLANG_WARN_BOOL_CONVERSION = YES;
				CLANG_WARN_COMMA = YES;
				CLANG_WARN_CONSTANT_CONVERSION = YES;
				CLANG_WARN_DEPRECATED_OBJC_IMPLEMENTATIONS = YES;
				CLANG_WARN_DIRECT_OBJC_ISA_USAGE = YES_ERROR;
				CLANG_WARN_DOCUMENTATION_COMMENTS = YES;
				CLANG_WARN_EMPTY_BODY = YES;
				CLANG_WARN_ENUM_CONVERSION = YES;
				CLANG_WARN_INFINITE_RECURSION = YES;
				CLANG_WARN_INT_CONVERSION = YES;
				CLANG_WARN_NON_LITERAL_NULL_CONVERSION = YES;
				CLANG_WARN_OBJC_IMPLICIT_RETAIN_SELF = YES;
				CLANG_WARN_OBJC_LITERAL_CONVERSION = YES;
				CLANG_WARN_OBJC_ROOT_CLASS = YES_ERROR;
				CLANG_WARN_QUOTED_INCLUDE_IN_FRAMEWORK_HEADER = YES;
				CLANG_WARN_RANGE_LOOP_ANALYSIS = YES;
				CLANG_WARN_STRICT_PROTOTYPES = YES;
				CLANG_WARN_SUSPICIOUS_MOVE = YES;
				CLANG_WARN_UNGUARDED_AVAILABILITY = YES_AGGRESSIVE;
				CLANG_WARN_UNREACHABLE_CODE = YES;
				CLANG_WARN__DUPLICATE_METHOD_MATCH = YES;
				COPY_PHASE_STRIP = NO;
				DEBUG_INFORMATION_FORMAT = "dwarf-with-dsym";
				ENABLE_NS_ASSERTIONS = NO;
				ENABLE_STRICT_OBJC_MSGSEND = YES;
				GCC_C_LANGUAGE_STANDARD = gnu11;
				GCC_NO_COMMON_BLOCKS = YES;
				GCC_WARN_64_TO_32_BIT_CONVERSION = YES;
				GCC_WARN_ABOUT_RETURN_TYPE = YES_ERROR;
				GCC_WARN_UNDECLARED_SELECTOR = YES;
				GCC_WARN_UNINITIALIZED_AUTOS = YES_AGGRESSIVE;
				GCC_WARN_UNUSED_FUNCTION = YES;
				GCC_WARN_UNUSED_VARIABLE = YES;
				IPHONEOS_DEPLOYMENT_TARGET = 16.1;
				MTL_ENABLE_DEBUG_INFO = NO;
				MTL_FAST_MATH = YES;
				SDKROOT = iphoneos;
				SWIFT_COMPILATION_MODE = wholemodule;
				SWIFT_OPTIMIZATION_LEVEL = "-O";
				VALIDATE_PRODUCT = YES;
			};
			name = Release;
		};
		CE6D20AB297596A90005E285 /* Debug */ = {
			isa = XCBuildConfiguration;
			buildSettings = {
				ASSETCATALOG_COMPILER_APPICON_NAME = AppIcon;
				ASSETCATALOG_COMPILER_GLOBAL_ACCENT_COLOR_NAME = AccentColor;
				CODE_SIGN_STYLE = Automatic;
				CURRENT_PROJECT_VERSION = 1;
				DEVELOPMENT_ASSET_PATHS = "\"DrawClassifier/Preview Content\"";
				DEVELOPMENT_TEAM = 765KFNJ7PQ;
				ENABLE_PREVIEWS = YES;
				GENERATE_INFOPLIST_FILE = YES;
				INFOPLIST_KEY_UIApplicationSceneManifest_Generation = YES;
				INFOPLIST_KEY_UIApplicationSupportsIndirectInputEvents = YES;
				INFOPLIST_KEY_UILaunchScreen_Generation = YES;
				INFOPLIST_KEY_UISupportedInterfaceOrientations_iPad = "UIInterfaceOrientationPortrait UIInterfaceOrientationPortraitUpsideDown UIInterfaceOrientationLandscapeLeft UIInterfaceOrientationLandscapeRight";
				INFOPLIST_KEY_UISupportedInterfaceOrientations_iPhone = "UIInterfaceOrientationPortrait UIInterfaceOrientationLandscapeLeft UIInterfaceOrientationLandscapeRight";
				LD_RUNPATH_SEARCH_PATHS = (
					"$(inherited)",
					"@executable_path/Frameworks",
				);
				MARKETING_VERSION = 1.0;
				PRODUCT_BUNDLE_IDENTIFIER = aledev.DrawClassifier;
				PRODUCT_NAME = "$(TARGET_NAME)";
				SWIFT_EMIT_LOC_STRINGS = YES;
				SWIFT_VERSION = 5.0;
				TARGETED_DEVICE_FAMILY = "1,2";
			};
			name = Debug;
		};
		CE6D20AC297596A90005E285 /* Release */ = {
			isa = XCBuildConfiguration;
			buildSettings = {
				ASSETCATALOG_COMPILER_APPICON_NAME = AppIcon;
				ASSETCATALOG_COMPILER_GLOBAL_ACCENT_COLOR_NAME = AccentColor;
				CODE_SIGN_STYLE = Automatic;
				CURRENT_PROJECT_VERSION = 1;
				DEVELOPMENT_ASSET_PATHS = "\"DrawClassifier/Preview Content\"";
				DEVELOPMENT_TEAM = 765KFNJ7PQ;
				ENABLE_PREVIEWS = YES;
				GENERATE_INFOPLIST_FILE = YES;
				INFOPLIST_KEY_UIApplicationSceneManifest_Generation = YES;
				INFOPLIST_KEY_UIApplicationSupportsIndirectInputEvents = YES;
				INFOPLIST_KEY_UILaunchScreen_Generation = YES;
				INFOPLIST_KEY_UISupportedInterfaceOrientations_iPad = "UIInterfaceOrientationPortrait UIInterfaceOrientationPortraitUpsideDown UIInterfaceOrientationLandscapeLeft UIInterfaceOrientationLandscapeRight";
				INFOPLIST_KEY_UISupportedInterfaceOrientations_iPhone = "UIInterfaceOrientationPortrait UIInterfaceOrientationLandscapeLeft UIInterfaceOrientationLandscapeRight";
				LD_RUNPATH_SEARCH_PATHS = (
					"$(inherited)",
					"@executable_path/Frameworks",
				);
				MARKETING_VERSION = 1.0;
				PRODUCT_BUNDLE_IDENTIFIER = aledev.DrawClassifier;
				PRODUCT_NAME = "$(TARGET_NAME)";
				SWIFT_EMIT_LOC_STRINGS = YES;
				SWIFT_VERSION = 5.0;
				TARGETED_DEVICE_FAMILY = "1,2";
			};
			name = Release;
		};
/* End XCBuildConfiguration section */

/* Begin XCConfigurationList section */
		CE6D2097297596A60005E285 /* Build configuration list for PBXProject "DrawClassifier" */ = {
			isa = XCConfigurationList;
			buildConfigurations = (
				CE6D20A8297596A90005E285 /* Debug */,
				CE6D20A9297596A90005E285 /* Release */,
			);
			defaultConfigurationIsVisible = 0;
			defaultConfigurationName = Release;
		};
		CE6D20AA297596A90005E285 /* Build configuration list for PBXNativeTarget "DrawClassifier" */ = {
			isa = XCConfigurationList;
			buildConfigurations = (
				CE6D20AB297596A90005E285 /* Debug */,
				CE6D20AC297596A90005E285 /* Release */,
			);
			defaultConfigurationIsVisible = 0;
			defaultConfigurationName = Release;
		};
/* End XCConfigurationList section */
	};
	rootObject = CE6D2094297596A60005E285 /* Project object */;
}
